
Microsoft Visual Studio Solution File, Format Version 12.00
# Visual Studio Version 17
VisualStudioVersion = 17.2.32519.379
MinimumVisualStudioVersion = 10.0.40219.1
Project("{FAE04EC0-301F-11D3-BF4B-00C04F79EFBC}") = "ASP_AlpineSkiHouse", "ASP_AlpineSkiHouse.csproj", "{A8DA97FA-1267-407D-B681-E31EF710F672}"
EndProject
Global
	GlobalSection(SolutionConfigurationPlatforms) = preSolution
		Debug|Any CPU = Debug|Any CPU
		Release|Any CPU = Release|Any CPU
	EndGlobalSection
	GlobalSection(ProjectConfigurationPlatforms) = postSolution
		{A8DA97FA-1267-407D-B681-E31EF710F672}.Debug|Any CPU.ActiveCfg = Debug|Any CPU
		{A8DA97FA-1267-407D-B681-E31EF710F672}.Debug|Any CPU.Build.0 = Debug|Any CPU
		{A8DA97FA-1267-407D-B681-E31EF710F672}.Release|Any CPU.ActiveCfg = Release|Any CPU
		{A8DA97FA-1267-407D-B681-E31EF710F672}.Release|Any CPU.Build.0 = Release|Any CPU
	EndGlobalSection
	GlobalSection(SolutionProperties) = preSolution
		HideSolutionNode = FALSE
	EndGlobalSection
	GlobalSection(ExtensibilityGlobals) = postSolution
		SolutionGuid = {1B2E971E-94B0-4F24-859E-C617D637F817}
	EndGlobalSection
EndGlobal
